lockfileVersion: '9.0'

settings:
  autoInstallPeers: true
  excludeLinksFromLockfile: false

importers:

  .:
    dependencies:
      '@fontsource/roboto':
        specifier: ^5.0.14
        version: 5.0.14

packages:

  '@fontsource/roboto@5.0.14':
    resolution: {integrity: sha512-zHAxlTTm9RuRn9/StwclFJChf3z9+fBrOxC3fw71htjHP1BgXNISwRjdJtAKAmMe5S2BzgpnjkQR93P9EZYI/Q==}

snapshots:

  '@fontsource/roboto@5.0.14': {}
